{
  "name": "zjyj-quality",
  "version": "0.1.0",
  "lockfileVersion": 1,
  "requires": true,
  "dependencies": {
    "react-swiper": {
      "version": "0.1.5",
      "resolved": "https://registry.npmjs.org/react-swiper/-/react-swiper-0.1.5.tgz",
      "integrity": "sha1-RZ2VuqKE1WmD6W3cVRBlRuXFBS4=",
      "requires": {
        "object-assign": "2.1.1"
      },
      "dependencies": {
        "object-assign": {
          "version": "2.1.1",
          "resolved": "https://registry.npmjs.org/object-assign/-/object-assign-2.1.1.tgz",
          "integrity": "sha1-Q8NuXVaf+OSBbE76i+AtJpZ8GKo="
        }
      }
    }
  }
}
